# THIS IS AN AUTOGENERATED FILE. DO NOT EDIT THIS FILE DIRECTLY.
# yarn lockfile v1


"@cspotcode/source-map-consumer@0.8.0":
  version "0.8.0"
  resolved "https://registry.nlark.com/@cspotcode/source-map-consumer/download/@cspotcode/source-map-consumer-0.8.0.tgz#33bf4b7b39c178821606f669bbc447a6a629786b"
  integrity sha1-M79LeznBeIIWBvZpu8RHpqYpeGs=

"@cspotcode/source-map-support@0.6.1":
  version "0.6.1"
  resolved "https://registry.nlark.com/@cspotcode/source-map-support/download/@cspotcode/source-map-support-0.6.1.tgz#118511f316e2e87ee4294761868e254d3da47960"
  integrity sha1-EYUR8xbi6H7kKUdhho4lTT2keWA=
  dependencies:
    "@cspotcode/source-map-consumer" "0.8.0"

"@tsconfig/node10@^1.0.7":
  version "1.0.8"
  resolved "https://registry.nlark.com/@tsconfig/node10/download/@tsconfig/node10-1.0.8.tgz?cache=0&sync_timestamp=1623230113943&other_urls=https%3A%2F%2Fregistry.nlark.com%2F%40tsconfig%2Fnode10%2Fdownload%2F%40tsconfig%2Fnode10-1.0.8.tgz#c1e4e80d6f964fbecb3359c43bd48b40f7cadad9"
  integrity sha1-weToDW+WT77LM1nEO9SLQPfK2tk=

"@tsconfig/node12@^1.0.7":
  version "1.0.9"
  resolved "https://registry.nlark.com/@tsconfig/node12/download/@tsconfig/node12-1.0.9.tgz#62c1f6dee2ebd9aead80dc3afa56810e58e1a04c"
  integrity sha1-YsH23uLr2a6tgNw6+laBDljhoEw=

"@tsconfig/node14@^1.0.0":
  version "1.0.1"
  resolved "https://registry.nlark.com/@tsconfig/node14/download/@tsconfig/node14-1.0.1.tgz?cache=0&sync_timestamp=1623230113946&other_urls=https%3A%2F%2Fregistry.nlark.com%2F%40tsconfig%2Fnode14%2Fdownload%2F%40tsconfig%2Fnode14-1.0.1.tgz#95f2d167ffb9b8d2068b0b235302fafd4df711f2"
  integrity sha1-lfLRZ/+5uNIGiwsjUwL6/U33EfI=

"@tsconfig/node16@^1.0.2":
  version "1.0.2"
  resolved "https://registry.nlark.com/@tsconfig/node16/download/@tsconfig/node16-1.0.2.tgz?cache=0&sync_timestamp=1626840702633&other_urls=https%3A%2F%2Fregistry.nlark.com%2F%40tsconfig%2Fnode16%2Fdownload%2F%40tsconfig%2Fnode16-1.0.2.tgz#423c77877d0569db20e1fc80885ac4118314010e"
  integrity sha1-Qjx3h30Fadsg4fyAiFrEEYMUAQ4=

"@types/debug@^4.0.0":
  version "4.1.7"
  resolved "https://registry.nlark.com/@types/debug/download/@types/debug-4.1.7.tgz?cache=0&sync_timestamp=1627113788612&other_urls=https%3A%2F%2Fregistry.nlark.com%2F%40types%2Fdebug%2Fdownload%2F%40types%2Fdebug-4.1.7.tgz#7cc0ea761509124709b8b2d1090d8f6c17aadb82"
  integrity sha1-fMDqdhUJEkcJuLLRCQ2PbBeq24I=
  dependencies:
    "@types/ms" "*"

"@types/hast@^2.0.0":
  version "2.3.2"
  resolved "https://registry.nlark.com/@types/hast/download/@types/hast-2.3.2.tgz#236201acca9e2695e42f713d7dd4f151dc2982e4"
  integrity sha1-I2IBrMqeJpXkL3E9fdTxUdwpguQ=
  dependencies:
    "@types/unist" "*"

"@types/mdast@^3.0.0":
  version "3.0.7"
  resolved "https://registry.nlark.com/@types/mdast/download/@types/mdast-3.0.7.tgz?cache=0&other_urls=https%3A%2F%2Fregistry.nlark.com%2F%40types%2Fmdast%2Fdownload%2F%40types%2Fmdast-3.0.7.tgz#cba63d0cc11eb1605cea5c0ad76e02684394166b"
  integrity sha1-y6Y9DMEesWBc6lwK124CaEOUFms=
  dependencies:
    "@types/unist" "*"

"@types/mdurl@^1.0.0":
  version "1.0.2"
  resolved "https://registry.nlark.com/@types/mdurl/download/@types/mdurl-1.0.2.tgz#e2ce9d83a613bacf284c7be7d491945e39e1f8e9"
  integrity sha1-4s6dg6YTus8oTHvn1JGUXjnh+Ok=

"@types/ms@*":
  version "0.7.31"
  resolved "https://registry.nlark.com/@types/ms/download/@types/ms-0.7.31.tgz?cache=0&sync_timestamp=1621241912717&other_urls=https%3A%2F%2Fregistry.nlark.com%2F%40types%2Fms%2Fdownload%2F%40types%2Fms-0.7.31.tgz#31b7ca6407128a3d2bbc27fe2d21b345397f6197"
  integrity sha1-MbfKZAcSij0rvCf+LSGzRTl/YZc=

"@types/node@^16.6.1":
  version "16.6.1"
  resolved "https://registry.nlark.com/@types/node/download/@types/node-16.6.1.tgz?cache=0&sync_timestamp=1628800539632&other_urls=https%3A%2F%2Fregistry.nlark.com%2F%40types%2Fnode%2Fdownload%2F%40types%2Fnode-16.6.1.tgz#aee62c7b966f55fc66c7b6dfa1d58db2a616da61"
  integrity sha1-ruYse5ZvVfxmx7bfodWNsqYW2mE=

"@types/unist@*", "@types/unist@^2.0.0":
  version "2.0.6"
  resolved "https://registry.nlark.com/@types/unist/download/@types/unist-2.0.6.tgz?cache=0&sync_timestamp=1626309253651&other_urls=https%3A%2F%2Fregistry.nlark.com%2F%40types%2Funist%2Fdownload%2F%40types%2Funist-2.0.6.tgz#250a7b16c3b91f672a24552ec64678eeb1d3a08d"
  integrity sha1-JQp7FsO5H2cqJFUuxkZ47rHToI0=

acorn-walk@^8.1.1:
  version "8.1.1"
  resolved "https://registry.nlark.com/acorn-walk/download/acorn-walk-8.1.1.tgz#3ddab7f84e4a7e2313f6c414c5b7dac85f4e3ebc"
  integrity sha1-Pdq3+E5KfiMT9sQUxbfayF9OPrw=

acorn@^8.4.1:
  version "8.4.1"
  resolved "https://registry.nlark.com/acorn/download/acorn-8.4.1.tgz#56c36251fc7cabc7096adc18f05afe814321a28c"
  integrity sha1-VsNiUfx8q8cJatwY8Fr+gUMhoow=

arg@^4.1.0:
  version "4.1.3"
  resolved "https://registry.npm.taobao.org/arg/download/arg-4.1.3.tgz?cache=0&sync_timestamp=1605575041404&other_urls=https%3A%2F%2Fregistry.npm.taobao.org%2Farg%2Fdownload%2Farg-4.1.3.tgz#269fc7ad5b8e42cb63c896d5666017261c144089"
  integrity sha1-Jp/HrVuOQstjyJbVZmAXJhwUQIk=

bail@^2.0.0:
  version "2.0.1"
  resolved "https://registry.nlark.com/bail/download/bail-2.0.1.tgz?cache=0&sync_timestamp=1621397991032&other_urls=https%3A%2F%2Fregistry.nlark.com%2Fbail%2Fdownload%2Fbail-2.0.1.tgz#d676736373a374058a935aec81b94c12ba815771"
  integrity sha1-1nZzY3OjdAWKk1rsgblMErqBV3E=

ccount@^2.0.0:
  version "2.0.0"
  resolved "https://registry.npm.taobao.org/ccount/download/ccount-2.0.0.tgz#3d6fb55803832766a24c6f339abc507297eb5d25"
  integrity sha1-PW+1WAODJ2aiTG8zmrxQcpfrXSU=

character-entities-html4@^2.0.0:
  version "2.0.0"
  resolved "https://registry.npm.taobao.org/character-entities-html4/download/character-entities-html4-2.0.0.tgz#55fcf3ed00febfe41f8f6a5709d25ab8ed73a449"
  integrity sha1-Vfzz7QD+v+Qfj2pXCdJauO1zpEk=

character-entities-legacy@^2.0.0:
  version "2.0.0"
  resolved "https://registry.npm.taobao.org/character-entities-legacy/download/character-entities-legacy-2.0.0.tgz#57f4d00974c696e8f74e9f493e7fcb75b44d7ee7"
  integrity sha1-V/TQCXTGluj3Tp9JPn/LdbRNfuc=

character-entities@^2.0.0:
  version "2.0.0"
  resolved "https://registry.npm.taobao.org/character-entities/download/character-entities-2.0.0.tgz#508355fcc8c73893e0909efc1a44d28da2b6fdf3"
  integrity sha1-UINV/MjHOJPgkJ78GkTSjaK2/fM=

character-reference-invalid@^2.0.0:
  version "2.0.0"
  resolved "https://registry.npm.taobao.org/character-reference-invalid/download/character-reference-invalid-2.0.0.tgz?cache=0&sync_timestamp=1615289617203&other_urls=https%3A%2F%2Fregistry.npm.taobao.org%2Fcharacter-reference-invalid%2Fdownload%2Fcharacter-reference-invalid-2.0.0.tgz#a0bdeb89c051fe7ed5d3158b2f06af06984f2813"
  integrity sha1-oL3ricBR/n7V0xWLLwavBphPKBM=

comma-separated-tokens@^2.0.0:
  version "2.0.2"
  resolved "https://registry.nlark.com/comma-separated-tokens/download/comma-separated-tokens-2.0.2.tgz#d4c25abb679b7751c880be623c1179780fe1dd98"
  integrity sha1-1MJau2ebd1HIgL5iPBF5eA/h3Zg=

create-require@^1.1.0:
  version "1.1.1"
  resolved "https://registry.nlark.com/create-require/download/create-require-1.1.1.tgz#c1d7e8f1e5f6cfc9ff65f9cd352d37348756c333"
  integrity sha1-wdfo8eX2z8n/ZfnNNS03NIdWwzM=

debug@^4.0.0:
  version "4.3.2"
  resolved "https://registry.nlark.com/debug/download/debug-4.3.2.tgz?cache=0&sync_timestamp=1625374675284&other_urls=https%3A%2F%2Fregistry.nlark.com%2Fdebug%2Fdownload%2Fdebug-4.3.2.tgz#f0a49c18ac8779e31d4a0c6029dfb76873c7428b"
  integrity sha1-8KScGKyHeeMdSgxgKd+3aHPHQos=
  dependencies:
    ms "2.1.2"

diff@^4.0.1:
  version "4.0.2"
  resolved "https://registry.npm.taobao.org/diff/download/diff-4.0.2.tgz?cache=0&other_urls=https%3A%2F%2Fregistry.npm.taobao.org%2Fdiff%2Fdownload%2Fdiff-4.0.2.tgz#60f3aecb89d5fae520c11aa19efc2bb982aade7d"
  integrity sha1-YPOuy4nV+uUgwRqhnvwruYKq3n0=

extend@^3.0.0:
  version "3.0.2"
  resolved "https://registry.nlark.com/extend/download/extend-3.0.2.tgz#f8b1136b4071fbd8eb140aff858b1019ec2915fa"
  integrity sha1-+LETa0Bx+9jrFAr/hYsQGewpFfo=

hast-util-is-element@^2.0.0:
  version "2.1.1"
  resolved "https://registry.nlark.com/hast-util-is-element/download/hast-util-is-element-2.1.1.tgz#863019a27400dc4f1aedfa4900627f42fd75c2b7"
  integrity sha1-hjAZonQA3E8a7fpJAGJ/Qv11wrc=
  dependencies:
    "@types/hast" "^2.0.0"
    "@types/unist" "^2.0.0"

hast-util-to-html@^8.0.0:
  version "8.0.1"
  resolved "https://registry.nlark.com/hast-util-to-html/download/hast-util-to-html-8.0.1.tgz?cache=0&sync_timestamp=1626792476930&other_urls=https%3A%2F%2Fregistry.nlark.com%2Fhast-util-to-html%2Fdownload%2Fhast-util-to-html-8.0.1.tgz#05d2f37ca7979f474f2d23536ea4655e91ceecef"
  integrity sha1-BdLzfKeXn0dPLSNTbqRlXpHO7O8=
  dependencies:
    "@types/hast" "^2.0.0"
    ccount "^2.0.0"
    comma-separated-tokens "^2.0.0"
    hast-util-is-element "^2.0.0"
    hast-util-whitespace "^2.0.0"
    html-void-elements "^2.0.0"
    property-information "^6.0.0"
    space-separated-tokens "^2.0.0"
    stringify-entities "^4.0.0"
    unist-util-is "^5.0.0"

hast-util-to-string@^2.0.0:
  version "2.0.0"
  resolved "https://registry.nlark.com/hast-util-to-string/download/hast-util-to-string-2.0.0.tgz#b008b0a4ea472bf34dd390b7eea1018726ae152a"
  integrity sha1-sAiwpOpHK/NN05C37qEBhyauFSo=
  dependencies:
    "@types/hast" "^2.0.0"

hast-util-whitespace@^2.0.0:
  version "2.0.0"
  resolved "https://registry.nlark.com/hast-util-whitespace/download/hast-util-whitespace-2.0.0.tgz#4fc1086467cc1ef5ba20673cb6b03cec3a970f1c"
  integrity sha1-T8EIZGfMHvW6IGc8trA87DqXDxw=

html-void-elements@^2.0.0:
  version "2.0.0"
  resolved "https://registry.npm.taobao.org/html-void-elements/download/html-void-elements-2.0.0.tgz#ea71bae0dd33de675cdda3c4ace1bc7584bb1071"
  integrity sha1-6nG64N0z3mdc3aPErOG8dYS7EHE=

is-alphabetical@^2.0.0:
  version "2.0.0"
  resolved "https://registry.nlark.com/is-alphabetical/download/is-alphabetical-2.0.0.tgz#ef6e2caea57c63450fffc7abb6cbdafc5eb96e96"
  integrity sha1-724srqV8Y0UP/8ertsva/F65bpY=

is-alphanumerical@^2.0.0:
  version "2.0.0"
  resolved "https://registry.npm.taobao.org/is-alphanumerical/download/is-alphanumerical-2.0.0.tgz?cache=0&sync_timestamp=1615453958702&other_urls=https%3A%2F%2Fregistry.npm.taobao.org%2Fis-alphanumerical%2Fdownload%2Fis-alphanumerical-2.0.0.tgz#0fbfeb6a72d21d91143b3d182bf6cf5909ee66f6"
  integrity sha1-D7/ranLSHZEUOz0YK/bPWQnuZvY=
  dependencies:
    is-alphabetical "^2.0.0"
    is-decimal "^2.0.0"

is-buffer@^2.0.0:
  version "2.0.5"
  resolved "https://registry.nlark.com/is-buffer/download/is-buffer-2.0.5.tgz#ebc252e400d22ff8d77fa09888821a24a658c191"
  integrity sha1-68JS5ADSL/jXf6CYiIIaJKZYwZE=

is-decimal@^2.0.0:
  version "2.0.0"
  resolved "https://registry.npm.taobao.org/is-decimal/download/is-decimal-2.0.0.tgz?cache=0&sync_timestamp=1615453959001&other_urls=https%3A%2F%2Fregistry.npm.taobao.org%2Fis-decimal%2Fdownload%2Fis-decimal-2.0.0.tgz#db1140337809fd043a056ae40a9bd1cdc563034c"
  integrity sha1-2xFAM3gJ/QQ6BWrkCpvRzcVjA0w=

is-hexadecimal@^2.0.0:
  version "2.0.0"
  resolved "https://registry.npm.taobao.org/is-hexadecimal/download/is-hexadecimal-2.0.0.tgz?cache=0&sync_timestamp=1615464641587&other_urls=https%3A%2F%2Fregistry.npm.taobao.org%2Fis-hexadecimal%2Fdownload%2Fis-hexadecimal-2.0.0.tgz#8e1ec9f48fe3eabd90161109856a23e0907a65d5"
  integrity sha1-jh7J9I/j6r2QFhEJhWoj4JB6ZdU=

is-plain-obj@^4.0.0:
  version "4.0.0"
  resolved "https://registry.npm.taobao.org/is-plain-obj/download/is-plain-obj-4.0.0.tgz#06c0999fd7574edf5a906ba5644ad0feb3a84d22"
  integrity sha1-BsCZn9dXTt9akGulZErQ/rOoTSI=

json5@^2.2.0:
  version "2.2.0"
  resolved "https://registry.npm.taobao.org/json5/download/json5-2.2.0.tgz?cache=0&other_urls=https%3A%2F%2Fregistry.npm.taobao.org%2Fjson5%2Fdownload%2Fjson5-2.2.0.tgz#2dfefe720c6ba525d9ebd909950f0515316c89a3"
  integrity sha1-Lf7+cgxrpSXZ69kJlQ8FFTFsiaM=
  dependencies:
    minimist "^1.2.5"

lru-cache@^5.1.1:
  version "5.1.1"
  resolved "https://registry.npm.taobao.org/lru-cache/download/lru-cache-5.1.1.tgz#1da27e6710271947695daf6848e847f01d84b920"
  integrity sha1-HaJ+ZxAnGUdpXa9oSOhH8B2EuSA=
  dependencies:
    yallist "^3.0.2"

make-error@^1.1.1:
  version "1.3.6"
  resolved "https://registry.npm.taobao.org/make-error/download/make-error-1.3.6.tgz#2eb2e37ea9b67c4891f684a1394799af484cf7a2"
  integrity sha1-LrLjfqm2fEiR9oShOUeZr0hM96I=

mdast-util-definitions@^5.0.0:
  version "5.1.0"
  resolved "https://registry.nlark.com/mdast-util-definitions/download/mdast-util-definitions-5.1.0.tgz#b6d10ef00a3c4cf191e8d9a5fa58d7f4a366f817"
  integrity sha1-ttEO8Ao8TPGR6Nml+ljX9KNm+Bc=
  dependencies:
    "@types/mdast" "^3.0.0"
    "@types/unist" "^2.0.0"
    unist-util-visit "^3.0.0"

mdast-util-from-markdown@^1.0.0:
  version "1.0.0"
  resolved "https://registry.nlark.com/mdast-util-from-markdown/download/mdast-util-from-markdown-1.0.0.tgz#c517313cd999ec2b8f6d447b438c5a9d500b89c9"
  integrity sha1-xRcxPNmZ7CuPbUR7Q4xanVALick=
  dependencies:
    "@types/mdast" "^3.0.0"
    "@types/unist" "^2.0.0"
    mdast-util-to-string "^3.0.0"
    micromark "^3.0.0"
    micromark-util-decode-numeric-character-reference "^1.0.0"
    micromark-util-normalize-identifier "^1.0.0"
    micromark-util-symbol "^1.0.0"
    micromark-util-types "^1.0.0"
    parse-entities "^3.0.0"
    unist-util-stringify-position "^3.0.0"

mdast-util-to-hast@^11.0.0:
  version "11.2.0"
  resolved "https://registry.nlark.com/mdast-util-to-hast/download/mdast-util-to-hast-11.2.0.tgz#54d76f1539be21a6559b2aa36e97bb07d2ab43ab"
  integrity sha1-VNdvFTm+IaZVmyqjbpe7B9KrQ6s=
  dependencies:
    "@types/hast" "^2.0.0"
    "@types/mdast" "^3.0.0"
    "@types/mdurl" "^1.0.0"
    mdast-util-definitions "^5.0.0"
    mdurl "^1.0.0"
    unist-builder "^3.0.0"
    unist-util-generated "^2.0.0"
    unist-util-position "^4.0.0"
    unist-util-visit "^3.0.0"

mdast-util-to-string@^3.0.0:
  version "3.1.0"
  resolved "https://registry.nlark.com/mdast-util-to-string/download/mdast-util-to-string-3.1.0.tgz#56c506d065fbf769515235e577b5a261552d56e9"
  integrity sha1-VsUG0GX792lRUjXld7WiYVUtVuk=

mdurl@^1.0.0:
  version "1.0.1"
  resolved "https://registry.nlark.com/mdurl/download/mdurl-1.0.1.tgz#fe85b2ec75a59037f2adfec100fd6c601761152e"
  integrity sha1-/oWy7HWlkDfyrf7BAP1sYBdhFS4=

micromark-core-commonmark@^1.0.0:
  version "1.0.0"
  resolved "https://registry.nlark.com/micromark-core-commonmark/download/micromark-core-commonmark-1.0.0.tgz#b767fa7687c205c224175bf067796360a3830350"
  integrity sha1-t2f6dofCBcIkF1vwZ3ljYKODA1A=
  dependencies:
    micromark-factory-destination "^1.0.0"
    micromark-factory-label "^1.0.0"
    micromark-factory-space "^1.0.0"
    micromark-factory-title "^1.0.0"
    micromark-factory-whitespace "^1.0.0"
    micromark-util-character "^1.0.0"
    micromark-util-chunked "^1.0.0"
    micromark-util-classify-character "^1.0.0"
    micromark-util-html-tag-name "^1.0.0"
    micromark-util-normalize-identifier "^1.0.0"
    micromark-util-resolve-all "^1.0.0"
    micromark-util-subtokenize "^1.0.0"
    micromark-util-symbol "^1.0.0"
    micromark-util-types "^1.0.0"
    parse-entities "^3.0.0"

micromark-factory-destination@^1.0.0:
  version "1.0.0"
  resolved "https://registry.nlark.com/micromark-factory-destination/download/micromark-factory-destination-1.0.0.tgz#fef1cb59ad4997c496f887b6977aa3034a5a277e"
  integrity sha1-/vHLWa1Jl8SW+Ie2l3qjA0paJ34=
  dependencies:
    micromark-util-character "^1.0.0"
    micromark-util-symbol "^1.0.0"
    micromark-util-types "^1.0.0"

micromark-factory-label@^1.0.0:
  version "1.0.0"
  resolved "https://registry.nlark.com/micromark-factory-label/download/micromark-factory-label-1.0.0.tgz#b316ec479b474232973ff13b49b576f84a6f2cbb"
  integrity sha1-sxbsR5tHQjKXP/E7SbV2+EpvLLs=
  dependencies:
    micromark-util-character "^1.0.0"
    micromark-util-symbol "^1.0.0"
    micromark-util-types "^1.0.0"

micromark-factory-space@^1.0.0:
  version "1.0.0"
  resolved "https://registry.nlark.com/micromark-factory-space/download/micromark-factory-space-1.0.0.tgz#cebff49968f2b9616c0fcb239e96685cb9497633"
  integrity sha1-zr/0mWjyuWFsD8sjnpZoXLlJdjM=
  dependencies:
    micromark-util-character "^1.0.0"
    micromark-util-types "^1.0.0"

micromark-factory-title@^1.0.0:
  version "1.0.0"
  resolved "https://registry.nlark.com/micromark-factory-title/download/micromark-factory-title-1.0.0.tgz#708f7a8044f34a898c0efdb4f55e4da66b537273"
  integrity sha1-cI96gETzSomMDv209V5NpmtTcnM=
  dependencies:
    micromark-factory-space "^1.0.0"
    micromark-util-character "^1.0.0"
    micromark-util-symbol "^1.0.0"
    micromark-util-types "^1.0.0"

micromark-factory-whitespace@^1.0.0:
  version "1.0.0"
  resolved "https://registry.nlark.com/micromark-factory-whitespace/download/micromark-factory-whitespace-1.0.0.tgz#e991e043ad376c1ba52f4e49858ce0794678621c"
  integrity sha1-6ZHgQ603bBulL05JhYzgeUZ4Yhw=
  dependencies:
    micromark-factory-space "^1.0.0"
    micromark-util-character "^1.0.0"
    micromark-util-symbol "^1.0.0"
    micromark-util-types "^1.0.0"

micromark-util-character@^1.0.0:
  version "1.1.0"
  resolved "https://registry.nlark.com/micromark-util-character/download/micromark-util-character-1.1.0.tgz#d97c54d5742a0d9611a68ca0cd4124331f264d86"
  integrity sha1-2XxU1XQqDZYRpoygzUEkMx8mTYY=
  dependencies:
    micromark-util-symbol "^1.0.0"
    micromark-util-types "^1.0.0"

micromark-util-chunked@^1.0.0:
  version "1.0.0"
  resolved "https://registry.nlark.com/micromark-util-chunked/download/micromark-util-chunked-1.0.0.tgz#5b40d83f3d53b84c4c6bce30ed4257e9a4c79d06"
  integrity sha1-W0DYPz1TuExMa84w7UJX6aTHnQY=
  dependencies:
    micromark-util-symbol "^1.0.0"

micromark-util-classify-character@^1.0.0:
  version "1.0.0"
  resolved "https://registry.nlark.com/micromark-util-classify-character/download/micromark-util-classify-character-1.0.0.tgz#cbd7b447cb79ee6997dd274a46fc4eb806460a20"
  integrity sha1-y9e0R8t57mmX3SdKRvxOuAZGCiA=
  dependencies:
    micromark-util-character "^1.0.0"
    micromark-util-symbol "^1.0.0"
    micromark-util-types "^1.0.0"

micromark-util-combine-extensions@^1.0.0:
  version "1.0.0"
  resolved "https://registry.nlark.com/micromark-util-combine-extensions/download/micromark-util-combine-extensions-1.0.0.tgz#91418e1e74fb893e3628b8d496085639124ff3d5"
  integrity sha1-kUGOHnT7iT42KLjUlghWORJP89U=
  dependencies:
    micromark-util-chunked "^1.0.0"
    micromark-util-types "^1.0.0"

micromark-util-decode-numeric-character-reference@^1.0.0:
  version "1.0.0"
  resolved "https://registry.nlark.com/micromark-util-decode-numeric-character-reference/download/micromark-util-decode-numeric-character-reference-1.0.0.tgz#dcc85f13b5bd93ff8d2868c3dba28039d490b946"
  integrity sha1-3MhfE7W9k/+NKGjD26KAOdSQuUY=
  dependencies:
    micromark-util-symbol "^1.0.0"

micromark-util-encode@^1.0.0:
  version "1.0.0"
  resolved "https://registry.nlark.com/micromark-util-encode/download/micromark-util-encode-1.0.0.tgz#c409ecf751a28aa9564b599db35640fccec4c068"
  integrity sha1-xAns91GiiqlWS1mds1ZA/M7EwGg=

micromark-util-html-tag-name@^1.0.0:
  version "1.0.0"
  resolved "https://registry.nlark.com/micromark-util-html-tag-name/download/micromark-util-html-tag-name-1.0.0.tgz#75737e92fef50af0c6212bd309bc5cb8dbd489ed"
  integrity sha1-dXN+kv71CvDGISvTCbxcuNvUie0=

micromark-util-normalize-identifier@^1.0.0:
  version "1.0.0"
  resolved "https://registry.nlark.com/micromark-util-normalize-identifier/download/micromark-util-normalize-identifier-1.0.0.tgz#4a3539cb8db954bbec5203952bfe8cedadae7828"
  integrity sha1-SjU5y425VLvsUgOVK/6M7a2ueCg=
  dependencies:
    micromark-util-symbol "^1.0.0"

micromark-util-resolve-all@^1.0.0:
  version "1.0.0"
  resolved "https://registry.nlark.com/micromark-util-resolve-all/download/micromark-util-resolve-all-1.0.0.tgz#a7c363f49a0162e931960c44f3127ab58f031d88"
  integrity sha1-p8Nj9JoBYukxlgxE8xJ6tY8DHYg=
  dependencies:
    micromark-util-types "^1.0.0"

micromark-util-sanitize-uri@^1.0.0:
  version "1.0.0"
  resolved "https://registry.nlark.com/micromark-util-sanitize-uri/download/micromark-util-sanitize-uri-1.0.0.tgz#27dc875397cd15102274c6c6da5585d34d4f12b2"
  integrity sha1-J9yHU5fNFRAidMbG2lWF001PErI=
  dependencies:
    micromark-util-character "^1.0.0"
    micromark-util-encode "^1.0.0"
    micromark-util-symbol "^1.0.0"

micromark-util-subtokenize@^1.0.0:
  version "1.0.0"
  resolved "https://registry.nlark.com/micromark-util-subtokenize/download/micromark-util-subtokenize-1.0.0.tgz#6f006fa719af92776c75a264daaede0fb3943c6a"
  integrity sha1-bwBvpxmvkndsdaJk2q7eD7OUPGo=
  dependencies:
    micromark-util-chunked "^1.0.0"
    micromark-util-symbol "^1.0.0"
    micromark-util-types "^1.0.0"

micromark-util-symbol@^1.0.0:
  version "1.0.0"
  resolved "https://registry.nlark.com/micromark-util-symbol/download/micromark-util-symbol-1.0.0.tgz#91cdbcc9b2a827c0129a177d36241bcd3ccaa34d"
  integrity sha1-kc28ybKoJ8ASmhd9NiQbzTzKo00=

micromark-util-types@^1.0.0:
  version "1.0.0"
  resolved "https://registry.nlark.com/micromark-util-types/download/micromark-util-types-1.0.0.tgz#0ebdfaea3fa7c15fc82b1e06ea1ef0152d0fb2f0"
  integrity sha1-Dr366j+nwV/IKx4G6h7wFS0PsvA=

micromark@^3.0.0:
  version "3.0.3"
  resolved "https://registry.nlark.com/micromark/download/micromark-3.0.3.tgz?cache=0&sync_timestamp=1628014399373&other_urls=https%3A%2F%2Fregistry.nlark.com%2Fmicromark%2Fdownload%2Fmicromark-3.0.3.tgz#4c9f76fce8ba68eddf8730bb4fee2041d699d5b7"
  integrity sha1-TJ92/Oi6aO3fhzC7T+4gQdaZ1bc=
  dependencies:
    "@types/debug" "^4.0.0"
    debug "^4.0.0"
    micromark-core-commonmark "^1.0.0"
    micromark-factory-space "^1.0.0"
    micromark-util-character "^1.0.0"
    micromark-util-chunked "^1.0.0"
    micromark-util-combine-extensions "^1.0.0"
    micromark-util-decode-numeric-character-reference "^1.0.0"
    micromark-util-encode "^1.0.0"
    micromark-util-normalize-identifier "^1.0.0"
    micromark-util-resolve-all "^1.0.0"
    micromark-util-sanitize-uri "^1.0.0"
    micromark-util-subtokenize "^1.0.0"
    micromark-util-symbol "^1.0.0"
    micromark-util-types "^1.0.0"
    parse-entities "^3.0.0"

minimist@^1.2.5:
  version "1.2.6"
  resolved "https://registry.yarnpkg.com/minimist/-/minimist-1.2.6.tgz#8637a5b759ea0d6e98702cfb3a9283323c93af44"
  integrity sha512-Jsjnk4bw3YJqYzbdyBiNsPWHPfO++UGG749Cxs6peCu5Xg4nrena6OVxOYxrQTqww0Jmwt+Ref8rggumkTLz9Q==

ms@2.1.2:
  version "2.1.2"
  resolved "https://registry.npm.taobao.org/ms/download/ms-2.1.2.tgz?cache=0&sync_timestamp=1607433872491&other_urls=https%3A%2F%2Fregistry.npm.taobao.org%2Fms%2Fdownload%2Fms-2.1.2.tgz#d09d1f357b443f493382a8eb3ccd183872ae6009"
  integrity sha1-0J0fNXtEP0kzgqjrPM0YOHKuYAk=

onigasm@^2.2.5:
  version "2.2.5"
  resolved "https://registry.npm.taobao.org/onigasm/download/onigasm-2.2.5.tgz#cc4d2a79a0fa0b64caec1f4c7ea367585a676892"
  integrity sha1-zE0qeaD6C2TK7B9MfqNnWFpnaJI=
  dependencies:
    lru-cache "^5.1.1"

parse-entities@^3.0.0:
  version "3.0.0"
  resolved "https://registry.npm.taobao.org/parse-entities/download/parse-entities-3.0.0.tgz#9ed6d6569b6cfc95ade058d683ddef239dad60dc"
  integrity sha1-ntbWVpts/JWt4FjWg93vI52tYNw=
  dependencies:
    character-entities "^2.0.0"
    character-entities-legacy "^2.0.0"
    character-reference-invalid "^2.0.0"
    is-alphanumerical "^2.0.0"
    is-decimal "^2.0.0"
    is-hexadecimal "^2.0.0"

prettier@^2.3.2:
  version "2.3.2"
  resolved "https://registry.nlark.com/prettier/download/prettier-2.3.2.tgz?cache=0&sync_timestamp=1624696193562&other_urls=https%3A%2F%2Fregistry.nlark.com%2Fprettier%2Fdownload%2Fprettier-2.3.2.tgz#ef280a05ec253712e486233db5c6f23441e7342d"
  integrity sha1-7ygKBewlNxLkhiM9tcbyNEHnNC0=

property-information@^6.0.0:
  version "6.0.1"
  resolved "https://registry.nlark.com/property-information/download/property-information-6.0.1.tgz#7c668d9f2b9cb63bc3e105d8b8dfee7221a17800"
  integrity sha1-fGaNnyuctjvD4QXYuN/uciGheAA=

rehype-stringify@^9.0.1:
  version "9.0.1"
  resolved "https://registry.nlark.com/rehype-stringify/download/rehype-stringify-9.0.1.tgz#0252218f10ea400ca5b3010256c6cb66e25485dd"
  integrity sha1-AlIhjxDqQAylswECVsbLZuJUhd0=
  dependencies:
    "@types/hast" "^2.0.0"
    hast-util-to-html "^8.0.0"
    unified "^10.0.0"

remark-parse@^10.0.0:
  version "10.0.0"
  resolved "https://registry.nlark.com/remark-parse/download/remark-parse-10.0.0.tgz?cache=0&sync_timestamp=1627989789864&other_urls=https%3A%2F%2Fregistry.nlark.com%2Fremark-parse%2Fdownload%2Fremark-parse-10.0.0.tgz#65e2b2b34d8581d36b97f12a2926bb2126961cb4"
  integrity sha1-ZeKys02FgdNrl/EqKSa7ISaWHLQ=
  dependencies:
    "@types/mdast" "^3.0.0"
    mdast-util-from-markdown "^1.0.0"
    unified "^10.0.0"

remark-rehype@^9.0.0:
  version "9.0.0"
  resolved "https://registry.nlark.com/remark-rehype/download/remark-rehype-9.0.0.tgz#83532a48e048373411ca50c53d84fb1a35bc7bfe"
  integrity sha1-g1MqSOBINzQRylDFPYT7GjW8e/4=
  dependencies:
    "@types/hast" "^2.0.0"
    "@types/mdast" "^3.0.0"
    mdast-util-to-hast "^11.0.0"
    unified "^10.0.0"

shiki@^0.9.6:
  version "0.9.6"
  resolved "https://registry.nlark.com/shiki/download/shiki-0.9.6.tgz#057d6d451b9c1124107635fdcb5c752560d6abc6"
  integrity sha1-BX1tRRucESQQdjX9y1x1JWDWq8Y=
  dependencies:
    json5 "^2.2.0"
    onigasm "^2.2.5"
    vscode-textmate "5.2.0"

space-separated-tokens@^2.0.0:
  version "2.0.1"
  resolved "https://registry.nlark.com/space-separated-tokens/download/space-separated-tokens-2.0.1.tgz#43193cec4fb858a2ce934b7f98b7f2c18107098b"
  integrity sha1-Qxk87E+4WKLOk0t/mLfywYEHCYs=

stringify-entities@^4.0.0:
  version "4.0.1"
  resolved "https://registry.nlark.com/stringify-entities/download/stringify-entities-4.0.1.tgz#f483c9ca8d7e029edec9863c5a37c1f1e7702c8d"
  integrity sha1-9IPJyo1+Ap7eyYY8WjfB8edwLI0=
  dependencies:
    character-entities-html4 "^2.0.0"
    character-entities-legacy "^2.0.0"

to-vfile@^7.2.1:
  version "7.2.1"
  resolved "https://registry.nlark.com/to-vfile/download/to-vfile-7.2.1.tgz?cache=0&sync_timestamp=1627214012757&other_urls=https%3A%2F%2Fregistry.nlark.com%2Fto-vfile%2Fdownload%2Fto-vfile-7.2.1.tgz#fe42892024f724177ba81076f98ee74b0888c293"
  integrity sha1-/kKJICT3JBd7qBB2+Y7nSwiIwpM=
  dependencies:
    is-buffer "^2.0.0"
    vfile "^5.0.0"

trough@^2.0.0:
  version "2.0.2"
  resolved "https://registry.nlark.com/trough/download/trough-2.0.2.tgz#94a3aa9d5ce379fc561f6244905b3f36b7458d96"
  integrity sha1-lKOqnVzjefxWH2JEkFs/NrdFjZY=

ts-node@^10.2.0:
  version "10.2.0"
  resolved "https://registry.nlark.com/ts-node/download/ts-node-10.2.0.tgz?cache=0&sync_timestamp=1628465722212&other_urls=https%3A%2F%2Fregistry.nlark.com%2Fts-node%2Fdownload%2Fts-node-10.2.0.tgz#f1e88249a00e26aa95e9a93c50f70241a8a1c4bb"
  integrity sha1-8eiCSaAOJqqV6ak8UPcCQaihxLs=
  dependencies:
    "@cspotcode/source-map-support" "0.6.1"
    "@tsconfig/node10" "^1.0.7"
    "@tsconfig/node12" "^1.0.7"
    "@tsconfig/node14" "^1.0.0"
    "@tsconfig/node16" "^1.0.2"
    acorn "^8.4.1"
    acorn-walk "^8.1.1"
    arg "^4.1.0"
    create-require "^1.1.0"
    diff "^4.0.1"
    make-error "^1.1.1"
    yn "3.1.1"

typescript@^4.3.5:
  version "4.3.5"
  resolved "https://registry.nlark.com/typescript/download/typescript-4.3.5.tgz#4d1c37cc16e893973c45a06886b7113234f119f4"
  integrity sha1-TRw3zBbok5c8RaBohrcRMjTxGfQ=

unified@^10.0.0, unified@^10.1.0:
  version "10.1.0"
  resolved "https://registry.nlark.com/unified/download/unified-10.1.0.tgz?cache=0&sync_timestamp=1627639621063&other_urls=https%3A%2F%2Fregistry.nlark.com%2Funified%2Fdownload%2Funified-10.1.0.tgz#4e65eb38fc2448b1c5ee573a472340f52b9346fe"
  integrity sha1-TmXrOPwkSLHF7lc6RyNA9SuTRv4=
  dependencies:
    "@types/unist" "^2.0.0"
    bail "^2.0.0"
    extend "^3.0.0"
    is-buffer "^2.0.0"
    is-plain-obj "^4.0.0"
    trough "^2.0.0"
    vfile "^5.0.0"

unist-builder@^3.0.0:
  version "3.0.0"
  resolved "https://registry.nlark.com/unist-builder/download/unist-builder-3.0.0.tgz?cache=0&sync_timestamp=1618816093327&other_urls=https%3A%2F%2Fregistry.nlark.com%2Funist-builder%2Fdownload%2Funist-builder-3.0.0.tgz#728baca4767c0e784e1e64bb44b5a5a753021a04"
  integrity sha1-couspHZ8DnhOHmS7RLWlp1MCGgQ=
  dependencies:
    "@types/unist" "^2.0.0"

unist-util-generated@^2.0.0:
  version "2.0.0"
  resolved "https://registry.npm.taobao.org/unist-util-generated/download/unist-util-generated-2.0.0.tgz#86fafb77eb6ce9bfa6b663c3f5ad4f8e56a60113"
  integrity sha1-hvr7d+ts6b+mtmPD9a1PjlamARM=

unist-util-is@^5.0.0:
  version "5.1.1"
  resolved "https://registry.nlark.com/unist-util-is/download/unist-util-is-5.1.1.tgz?cache=0&sync_timestamp=1626874922677&other_urls=https%3A%2F%2Fregistry.nlark.com%2Funist-util-is%2Fdownload%2Funist-util-is-5.1.1.tgz#e8aece0b102fa9bc097b0fef8f870c496d4a6236"
  integrity sha1-6K7OCxAvqbwJew/vj4cMSW1KYjY=

unist-util-position@^4.0.0:
  version "4.0.1"
  resolved "https://registry.nlark.com/unist-util-position/download/unist-util-position-4.0.1.tgz#f8484b2da19a897a0180556d160c28633070dbb9"
  integrity sha1-+EhLLaGaiXoBgFVtFgwoYzBw27k=

unist-util-stringify-position@^3.0.0:
  version "3.0.0"
  resolved "https://registry.npm.taobao.org/unist-util-stringify-position/download/unist-util-stringify-position-3.0.0.tgz#d517d2883d74d0daa0b565adc3d10a02b4a8cde9"
  integrity sha1-1RfSiD100NqgtWWtw9EKArSozek=
  dependencies:
    "@types/unist" "^2.0.0"

unist-util-visit-parents@^4.0.0:
  version "4.1.1"
  resolved "https://registry.nlark.com/unist-util-visit-parents/download/unist-util-visit-parents-4.1.1.tgz#e83559a4ad7e6048a46b1bdb22614f2f3f4724f2"
  integrity sha1-6DVZpK1+YEikaxvbImFPLz9HJPI=
  dependencies:
    "@types/unist" "^2.0.0"
    unist-util-is "^5.0.0"

unist-util-visit-parents@^5.0.0:
  version "5.0.0"
  resolved "https://registry.nlark.com/unist-util-visit-parents/download/unist-util-visit-parents-5.0.0.tgz?cache=0&sync_timestamp=1627569909674&other_urls=https%3A%2F%2Fregistry.nlark.com%2Funist-util-visit-parents%2Fdownload%2Funist-util-visit-parents-5.0.0.tgz#5ae2440f8710a0c18a2b4ba0c4471d18e1090494"
  integrity sha1-WuJED4cQoMGKK0ugxEcdGOEJBJQ=
  dependencies:
    "@types/unist" "^2.0.0"
    unist-util-is "^5.0.0"

unist-util-visit@^3.0.0:
  version "3.1.0"
  resolved "https://registry.nlark.com/unist-util-visit/download/unist-util-visit-3.1.0.tgz#9420d285e1aee938c7d9acbafc8e160186dbaf7b"
  integrity sha1-lCDSheGu6TjH2ay6/I4WAYbbr3s=
  dependencies:
    "@types/unist" "^2.0.0"
    unist-util-is "^5.0.0"
    unist-util-visit-parents "^4.0.0"

unist-util-visit@^4.0.0:
  version "4.0.0"
  resolved "https://registry.nlark.com/unist-util-visit/download/unist-util-visit-4.0.0.tgz?cache=0&sync_timestamp=1627632934388&other_urls=https%3A%2F%2Fregistry.nlark.com%2Funist-util-visit%2Fdownload%2Funist-util-visit-4.0.0.tgz#6e1f7e8e163921d20281354c38bfd3244b64580a"
  integrity sha1-bh9+jhY5IdICgTVMOL/TJEtkWAo=
  dependencies:
    "@types/unist" "^2.0.0"
    unist-util-is "^5.0.0"
    unist-util-visit-parents "^5.0.0"

vfile-message@^3.0.0:
  version "3.0.2"
  resolved "https://registry.nlark.com/vfile-message/download/vfile-message-3.0.2.tgz#db7eaebe7fecb853010f2ef1664427f52baf8f74"
  integrity sha1-236uvn/suFMBDy7xZkQn9Suvj3Q=
  dependencies:
    "@types/unist" "^2.0.0"
    unist-util-stringify-position "^3.0.0"

vfile@^5.0.0:
  version "5.0.2"
  resolved "https://registry.nlark.com/vfile/download/vfile-5.0.2.tgz?cache=0&sync_timestamp=1626167113490&other_urls=https%3A%2F%2Fregistry.nlark.com%2Fvfile%2Fdownload%2Fvfile-5.0.2.tgz#57773d1d91478b027632c23afab58ec3590344f0"
  integrity sha1-V3c9HZFHiwJ2MsI6+rWOw1kDRPA=
  dependencies:
    "@types/unist" "^2.0.0"
    is-buffer "^2.0.0"
    unist-util-stringify-position "^3.0.0"
    vfile-message "^3.0.0"

vscode-textmate@5.2.0:
  version "5.2.0"
  resolved "https://registry.npm.taobao.org/vscode-textmate/download/vscode-textmate-5.2.0.tgz#01f01760a391e8222fe4f33fbccbd1ad71aed74e"
  integrity sha1-AfAXYKOR6CIv5PM/vMvRrXGu104=

yallist@^3.0.2:
  version "3.1.1"
  resolved "https://registry.npm.taobao.org/yallist/download/yallist-3.1.1.tgz#dbb7daf9bfd8bac9ab45ebf602b8cbad0d5d08fd"
  integrity sha1-27fa+b/YusmrRev2ArjLrQ1dCP0=

yn@3.1.1:
  version "3.1.1"
  resolved "https://registry.nlark.com/yn/download/yn-3.1.1.tgz?cache=0&sync_timestamp=1628974846240&other_urls=https%3A%2F%2Fregistry.nlark.com%2Fyn%2Fdownload%2Fyn-3.1.1.tgz#1e87401a09d767c1d5eab26a6e4c185182d2eb50"
  integrity sha1-HodAGgnXZ8HV6rJqbkwYUYLS61A=
